{
    "_meta": {
        "hash": {
            "sha256": "af2313a3c800d210a20a66289736ca83dcc98ff5a971e952c951ced8565b6643"
        },
        "pipfile-spec": 6,
        "requires": {
            "python_version": "3.7"
        },
        "sources": [
            {
                "name": "pypi",
                "url": "https://pypi.org/simple",
                "verify_ssl": true
            }
        ]
    },
    "default": {
        "beautifulsoup4": {
            "hashes": [
                "sha256:034740f6cb549b4e932ae1ab975581e6103ac8f942200a0e9759065984391858",
                "sha256:945065979fb8529dd2f37dbb58f00b661bdbcbebf954f93b32fdf5263ef35348",
                "sha256:ba6d5c59906a85ac23dadfe5c88deaf3e179ef565f4898671253e50a78680718"
            ],
            "index": "pypi",
            "version": "==4.7.1"
        },
        "py-midicsv": {
            "hashes": [
                "sha256:1c0c888edc30c894f7e4c39b53fe44415f0b4ad6ea0c7b2c66a2b87290dc104b",
                "sha256:c703c82bb7a671efd754f84dd4c76937cbfcd00dc21d3785d1ce14da826f63cf"
            ],
            "index": "pypi",
            "version": "==1.8.3"
        },
        "soupsieve": {
            "hashes": [
                "sha256:afa56bf14907bb09403e5d15fbed6275caa4174d36b975226e3b67a3bb6e2c4b",
                "sha256:eaed742b48b1f3e2d45ba6f79401b2ed5dc33b2123dfe216adb90d4bfa0ade26"
            ],
            "version": "==1.8"
        }
    },
    "develop": {}
}
